
Microsoft Visual Studio Solution File, Format Version 12.00
# Visual Studio Version 16
VisualStudioVersion = 16.0.29424.173
MinimumVisualStudioVersion = 10.0.40219.1
Project("{FAE04EC0-301F-11D3-BF4B-00C04F79EFBC}") = "RedNoseCorporationsForum", "RedNoseCorporationsForum.csproj", "{3445A127-703E-419D-B909-AE6111867E24}"
EndProject
Project("{FAE04EC0-301F-11D3-BF4B-00C04F79EFBC}") = "RedNoseCorporationsForum.Data", "..\RedNoseCorporationsForum.Data\RedNoseCorporationsForum.Data.csproj", "{17F15D0A-02CF-4966-AD3F-30D7D3188F39}"
EndProject
Global
	GlobalSection(SolutionConfigurationPlatforms) = preSolution
		Debug|Any CPU = Debug|Any CPU
		Release|Any CPU = Release|Any CPU
	EndGlobalSection
	GlobalSection(ProjectConfigurationPlatforms) = postSolution
		{3445A127-703E-419D-B909-AE6111867E24}.Debug|Any CPU.ActiveCfg = Debug|Any CPU
		{3445A127-703E-419D-B909-AE6111867E24}.Debug|Any CPU.Build.0 = Debug|Any CPU
		{3445A127-703E-419D-B909-AE6111867E24}.Release|Any CPU.ActiveCfg = Release|Any CPU
		{3445A127-703E-419D-B909-AE6111867E24}.Release|Any CPU.Build.0 = Release|Any CPU
		{17F15D0A-02CF-4966-AD3F-30D7D3188F39}.Debug|Any CPU.ActiveCfg = Debug|Any CPU
		{17F15D0A-02CF-4966-AD3F-30D7D3188F39}.Debug|Any CPU.Build.0 = Debug|Any CPU
		{17F15D0A-02CF-4966-AD3F-30D7D3188F39}.Release|Any CPU.ActiveCfg = Release|Any CPU
		{17F15D0A-02CF-4966-AD3F-30D7D3188F39}.Release|Any CPU.Build.0 = Release|Any CPU
	EndGlobalSection
	GlobalSection(SolutionProperties) = preSolution
		HideSolutionNode = FALSE
	EndGlobalSection
	GlobalSection(ExtensibilityGlobals) = postSolution
		SolutionGuid = {4F15EE17-6BE9-4113-8610-99F126AAE389}
	EndGlobalSection
EndGlobal
